<?xml version="1.0" encoding="UTF-8" standalone="yes" ?>
<CodeBlocks_project_file>
	<FileVersion major="1" minor="6" />
	<Project>
		<Option title="textmining" />
		<Option pch_mode="2" />
		<Option compiler="gcc" />
		<Build>
			<Target title="Debug">
				<Option output="bin/Debug/textmining" prefix_auto="1" extension_auto="1" />
				<Option object_output="obj/Debug/" />
				<Option type="1" />
				<Option compiler="gcc" />
				<Compiler>
					<Add option="-g" />
				</Compiler>
			</Target>
			<Target title="Release">
				<Option output="bin/Release/textmining" prefix_auto="1" extension_auto="1" />
				<Option object_output="obj/Release/" />
				<Option type="1" />
				<Option compiler="gcc" />
				<Compiler>
					<Add option="-O2" />
				</Compiler>
				<Linker>
					<Add option="-s" />
				</Linker>
			</Target>
		</Build>
		<Compiler>
			<Add option="-Wall" />
			<Add option="-fexceptions" />
		</Compiler>
		<Unit filename="algorithm.cpp" />
		<Unit filename="algorithm.h" />
		<Unit filename="count_Z.cpp" />
		<Unit filename="count_Z.h" />
		<Unit filename="dict_map.cpp" />
		<Unit filename="dict_map.h" />
		<Unit filename="dictionary.cpp" />
		<Unit filename="dictionary.h" />
		<Unit filename="discrete.cpp" />
		<Unit filename="discrete.h" />
		<Unit filename="distance.cpp" />
		<Unit filename="distance.h" />
		<Unit filename="docs_words.cpp" />
		<Unit filename="docs_words.h" />
		<Unit filename="file_handler.cpp" />
		<Unit filename="file_handler.h" />
		<Unit filename="func.cpp" />
		<Unit filename="func.h" />
		<Unit filename="get_delta.cpp" />
		<Unit filename="get_delta.h" />
		<Unit filename="hidden.cpp" />
		<Unit filename="hidden.h" />
		<Unit filename="main.cpp" />
		<Unit filename="phi_theta.cpp" />
		<Unit filename="phi_theta.h" />
		<Unit filename="prepare.cpp" />
		<Unit filename="prepare.h" />
		<Unit filename="quality.cpp" />
		<Unit filename="quality.h" />
		<Unit filename="stabilized.cpp" />
		<Unit filename="stabilized.h" />
		<Unit filename="update_time.cpp" />
		<Unit filename="update_time.h" />
		<Extensions>
			<code_completion />
			<envvars />
			<debugger />
			<lib_finder disable_auto="1" />
		</Extensions>
	</Project>
</CodeBlocks_project_file>
